
Microsoft Visual Studio Solution File, Format Version 12.00
Project("{FAE04EC0-301F-11D3-BF4B-00C04F79EFBC}") = "GpuMonitor", "GpuMonitor\GpuMonitor.csproj", "{8742C218-5AC3-4257-ABE8-5ABE80F46672}"
EndProject
Global
	GlobalSection(SolutionConfigurationPlatforms) = preSolution
		Debug|Any CPU = Debug|Any CPU
		Release|Any CPU = Release|Any CPU
	EndGlobalSection
	GlobalSection(ProjectConfigurationPlatforms) = postSolution
		{8742C218-5AC3-4257-ABE8-5ABE80F46672}.Debug|Any CPU.ActiveCfg = Debug|Any CPU
		{8742C218-5AC3-4257-ABE8-5ABE80F46672}.Debug|Any CPU.Build.0 = Debug|Any CPU
		{8742C218-5AC3-4257-ABE8-5ABE80F46672}.Release|Any CPU.ActiveCfg = Release|Any CPU
		{8742C218-5AC3-4257-ABE8-5ABE80F46672}.Release|Any CPU.Build.0 = Release|Any CPU
	EndGlobalSection
EndGlobal
